
Microsoft Visual Studio Solution File, Format Version 12.00
# Visual Studio Version 17
VisualStudioVersion = 17.3.32929.385
MinimumVisualStudioVersion = 10.0.40219.1
Project("{FAE04EC0-301F-11D3-BF4B-00C04F79EFBC}") = "casheer", "casheer\casheer.csproj", "{8F27082F-F36D-4B69-A7D6-74B8D6D6C9F1}"
EndProject
Global
	GlobalSection(SolutionConfigurationPlatforms) = preSolution
		Debug|Any CPU = Debug|Any CPU
		Release|Any CPU = Release|Any CPU
	EndGlobalSection
	GlobalSection(ProjectConfigurationPlatforms) = postSolution
		{8F27082F-F36D-4B69-A7D6-74B8D6D6C9F1}.Debug|Any CPU.ActiveCfg = Debug|Any CPU
		{8F27082F-F36D-4B69-A7D6-74B8D6D6C9F1}.Debug|Any CPU.Build.0 = Debug|Any CPU
		{8F27082F-F36D-4B69-A7D6-74B8D6D6C9F1}.Release|Any CPU.ActiveCfg = Release|Any CPU
		{8F27082F-F36D-4B69-A7D6-74B8D6D6C9F1}.Release|Any CPU.Build.0 = Release|Any CPU
	EndGlobalSection
	GlobalSection(SolutionProperties) = preSolution
		HideSolutionNode = FALSE
	EndGlobalSection
	GlobalSection(ExtensibilityGlobals) = postSolution
		SolutionGuid = {F4834CC1-5B83-4AAC-929D-9D5FDC8F5B1F}
	EndGlobalSection
EndGlobal
